hash: 56b2fb96041ddd12bd8b187a967803f0b15309f94cc1a3e6cd942242d0f8f2c1
updated: 2017-06-19T19:51:11.127881489Z
imports:
- name: github.com/BurntSushi/toml
  version: b26d9c308763d68093482582cea63d69be07a0f0
- name: gopkg.in/yaml.v2
  version: a3f3340b5840cee44f372bddb5880fcbc419b46a
testImports: []
